
Microsoft Visual Studio Solution File, Format Version 11.00
# Visual Studio 2010
Project("{8BC9CEB8-8B4A-11D0-8D11-00A0C91BC942}") = "CS580HW4", "CS580HW4.vcxproj", "{113589D9-8293-6AEB-94FD-552B010B94C8}"
EndProject
Global
	GlobalSection(SolutionConfigurationPlatforms) = preSolution
		Debug|Win32 = Debug|Win32
		Release|Win32 = Release|Win32
	EndGlobalSection
	GlobalSection(ProjectConfigurationPlatforms) = postSolution
		{113589D9-8293-6AEB-94FD-552B010B94C8}.Debug|Win32.ActiveCfg = Debug|Win32
		{113589D9-8293-6AEB-94FD-552B010B94C8}.Debug|Win32.Build.0 = Debug|Win32
		{113589D9-8293-6AEB-94FD-552B010B94C8}.Release|Win32.ActiveCfg = Release|Win32
		{113589D9-8293-6AEB-94FD-552B010B94C8}.Release|Win32.Build.0 = Release|Win32
	EndGlobalSection
	GlobalSection(SolutionProperties) = preSolution
		HideSolutionNode = FALSE
	EndGlobalSection
EndGlobal
